// !$*UTF8*$!
{
	archiveVersion = 1;
	classes = {
	};
	objectVersion = 46;
	objects = {

/* Begin PBXBuildFile section */
		1807D3A81654E5EB00A44AF1 /* iTunesArtwork in Resources */ = {isa = PBXBuildFile; fileRef = 1807D3A71654E5EB00A44AF1 /* iTunesArtwork */; };
		18466E0F161C25C600F3F20A /* UIKit.framework in Frameworks */ = {isa = PBXBuildFile; fileRef = 18466E0E161C25C600F3F20A /* UIKit.framework */; };
		18466E11161C25C600F3F20A /* Foundation.framework in Frameworks */ = {isa = PBXBuildFile; fileRef = 18466E10161C25C600F3F20A /* Foundation.framework */; };
		18466E13161C25C600F3F20A /* CoreGraphics.framework in Frameworks */ = {isa = PBXBuildFile; fileRef = 18466E12161C25C600F3F20A /* CoreGraphics.framework */; };
		18466E19161C25C600F3F20A /* InfoPlist.strings in Resources */ = {isa = PBXBuildFile; fileRef = 18466E17161C25C600F3F20A /* InfoPlist.strings */; };
		18466E1B161C25C600F3F20A /* main.m in Sources */ = {isa = PBXBuildFile; fileRef = 18466E1A161C25C600F3F20A /* main.m */; };
		187E66EA167328AA0094C411 /* Icon-72.png in Resources */ = {isa = PBXBuildFile; fileRef = 187E66E3167328AA0094C411 /* Icon-72.png */; };
		187E66EB167328AA0094C411 /* Icon-Small-50.png in Resources */ = {isa = PBXBuildFile; fileRef = 187E66E4167328AA0094C411 /* Icon-Small-50.png */; };
		187E66EC167328AA0094C411 /* Icon-Small.png in Resources */ = {isa = PBXBuildFile; fileRef = 187E66E5167328AA0094C411 /* Icon-Small.png */; };
		187E66ED167328AA0094C411 /* Icon-Small@2x.png in Resources */ = {isa = PBXBuildFile; fileRef = 187E66E6167328AA0094C411 /* Icon-Small@2x.png */; };
		187E66EE167328AA0094C411 /* Icon.png in Resources */ = {isa = PBXBuildFile; fileRef = 187E66E7167328AA0094C411 /* Icon.png */; };
		187E66EF167328AA0094C411 /* Icon@2x.png in Resources */ = {isa = PBXBuildFile; fileRef = 187E66E8167328AA0094C411 /* Icon@2x.png */; };
		187E66F0167328AA0094C411 /* iTunesArtwork in Resources */ = {isa = PBXBuildFile; fileRef = 187E66E9167328AA0094C411 /* iTunesArtwork */; };
		1880CD8816538B320024CDB1 /* Default-568h@2x.png in Resources */ = {isa = PBXBuildFile; fileRef = 1880CD8716538B320024CDB1 /* Default-568h@2x.png */; };
		1883C6B1167300D6001BAAF3 /* main.m in Sources */ = {isa = PBXBuildFile; fileRef = 18466E1A161C25C600F3F20A /* main.m */; };
		1883C6B2167300D6001BAAF3 /* AppDelegate.m in Sources */ = {isa = PBXBuildFile; fileRef = 279C04E216393343007298E5 /* AppDelegate.m */; };
		1883C6B3167300D6001BAAF3 /* ViewController.m in Sources */ = {isa = PBXBuildFile; fileRef = 279C04E416393343007298E5 /* ViewController.m */; };
		1883C6B5167300D6001BAAF3 /* StoreKit.framework in Frameworks */ = {isa = PBXBuildFile; fileRef = 27D022CE1654EEBB00C1CF92 /* StoreKit.framework */; };
		1883C6B6167300D6001BAAF3 /* SystemConfiguration.framework in Frameworks */ = {isa = PBXBuildFile; fileRef = 27D022CC1654EEA400C1CF92 /* SystemConfiguration.framework */; };
		1883C6B7167300D6001BAAF3 /* MessageUI.framework in Frameworks */ = {isa = PBXBuildFile; fileRef = 27D022CA1654EE9E00C1CF92 /* MessageUI.framework */; };
		1883C6B8167300D6001BAAF3 /* AudioToolbox.framework in Frameworks */ = {isa = PBXBuildFile; fileRef = 27D022C81654EE9200C1CF92 /* AudioToolbox.framework */; };
		1883C6B9167300D6001BAAF3 /* AdSupport.framework in Frameworks */ = {isa = PBXBuildFile; fileRef = 27D022C61654EE6E00C1CF92 /* AdSupport.framework */; };
		1883C6BA167300D6001BAAF3 /* UIKit.framework in Frameworks */ = {isa = PBXBuildFile; fileRef = 18466E0E161C25C600F3F20A /* UIKit.framework */; };
		1883C6BB167300D6001BAAF3 /* Foundation.framework in Frameworks */ = {isa = PBXBuildFile; fileRef = 18466E10161C25C600F3F20A /* Foundation.framework */; };
		1883C6BC167300D6001BAAF3 /* CoreGraphics.framework in Frameworks */ = {isa = PBXBuildFile; fileRef = 18466E12161C25C600F3F20A /* CoreGraphics.framework */; };
		1883C6BD167300D6001BAAF3 /* libGoogleAdMobAds.a in Frameworks */ = {isa = PBXBuildFile; fileRef = 27D022C31654EE0F00C1CF92 /* libGoogleAdMobAds.a */; };
		1883C6BF167300D6001BAAF3 /* InfoPlist.strings in Resources */ = {isa = PBXBuildFile; fileRef = 18466E17161C25C600F3F20A /* InfoPlist.strings */; };
		1883C6C1167300D6001BAAF3 /* ViewController_iPhone.xib in Resources */ = {isa = PBXBuildFile; fileRef = 279C04E516393343007298E5 /* ViewController_iPhone.xib */; };
		1883C6C2167300D6001BAAF3 /* ViewController_iPad.xib in Resources */ = {isa = PBXBuildFile; fileRef = 279C04E616393343007298E5 /* ViewController_iPad.xib */; };
		1883C6C9167300D6001BAAF3 /* Default.png in Resources */ = {isa = PBXBuildFile; fileRef = 18C190AF1648DF0E00EF4025 /* Default.png */; };
		1883C6CA167300D6001BAAF3 /* Default-568h@2x.png in Resources */ = {isa = PBXBuildFile; fileRef = 1880CD8716538B320024CDB1 /* Default-568h@2x.png */; };
		1883C6D516731185001BAAF3 /* DarwinismLite in Resources */ = {isa = PBXBuildFile; fileRef = 1883C6D416731185001BAAF3 /* DarwinismLite */; };
		18C190B01648DF0E00EF4025 /* Default.png in Resources */ = {isa = PBXBuildFile; fileRef = 18C190AF1648DF0E00EF4025 /* Default.png */; };
		18EC9AE31648DA720084542F /* Icon-72.png in Resources */ = {isa = PBXBuildFile; fileRef = 18EC9ADC1648DA720084542F /* Icon-72.png */; };
		18EC9AE41648DA720084542F /* Icon-Small-50.png in Resources */ = {isa = PBXBuildFile; fileRef = 18EC9ADD1648DA720084542F /* Icon-Small-50.png */; };
		18EC9AE51648DA720084542F /* Icon-Small.png in Resources */ = {isa = PBXBuildFile; fileRef = 18EC9ADE1648DA720084542F /* Icon-Small.png */; };
		18EC9AE61648DA720084542F /* Icon-Small@2x.png in Resources */ = {isa = PBXBuildFile; fileRef = 18EC9ADF1648DA720084542F /* Icon-Small@2x.png */; };
		18EC9AE71648DA720084542F /* Icon.png in Resources */ = {isa = PBXBuildFile; fileRef = 18EC9AE01648DA720084542F /* Icon.png */; };
		18EC9AE81648DA720084542F /* Icon@2x.png in Resources */ = {isa = PBXBuildFile; fileRef = 18EC9AE11648DA720084542F /* Icon@2x.png */; };
		279C04D316393291007298E5 /* DarwinismFull in Resources */ = {isa = PBXBuildFile; fileRef = 279C04D216393291007298E5 /* DarwinismFull */; };
		279C04E716393343007298E5 /* AppDelegate.m in Sources */ = {isa = PBXBuildFile; fileRef = 279C04E216393343007298E5 /* AppDelegate.m */; };
		279C04E816393343007298E5 /* ViewController.m in Sources */ = {isa = PBXBuildFile; fileRef = 279C04E416393343007298E5 /* ViewController.m */; };
		279C04E916393343007298E5 /* ViewController_iPhone.xib in Resources */ = {isa = PBXBuildFile; fileRef = 279C04E516393343007298E5 /* ViewController_iPhone.xib */; };
		279C04EA16393343007298E5 /* ViewController_iPad.xib in Resources */ = {isa = PBXBuildFile; fileRef = 279C04E616393343007298E5 /* ViewController_iPad.xib */; };
		27D022C41654EE0F00C1CF92 /* libGoogleAdMobAds.a in Frameworks */ = {isa = PBXBuildFile; fileRef = 27D022C31654EE0F00C1CF92 /* libGoogleAdMobAds.a */; };
		27D022C71654EE6E00C1CF92 /* AdSupport.framework in Frameworks */ = {isa = PBXBuildFile; fileRef = 27D022C61654EE6E00C1CF92 /* AdSupport.framework */; };
		27D022C91654EE9200C1CF92 /* AudioToolbox.framework in Frameworks */ = {isa = PBXBuildFile; fileRef = 27D022C81654EE9200C1CF92 /* AudioToolbox.framework */; };
		27D022CB1654EE9E00C1CF92 /* MessageUI.framework in Frameworks */ = {isa = PBXBuildFile; fileRef = 27D022CA1654EE9E00C1CF92 /* MessageUI.framework */; };
		27D022CD1654EEA400C1CF92 /* SystemConfiguration.framework in Frameworks */ = {isa = PBXBuildFile; fileRef = 27D022CC1654EEA400C1CF92 /* SystemConfiguration.framework */; };
		27D022CF1654EEBB00C1CF92 /* StoreKit.framework in Frameworks */ = {isa = PBXBuildFile; fileRef = 27D022CE1654EEBB00C1CF92 /* StoreKit.framework */; };
/* End PBXBuildFile section */

/* Begin PBXFileReference section */
		1807D3A71654E5EB00A44AF1 /* iTunesArtwork */ = {isa = PBXFileReference; lastKnownFileType = file; path = iTunesArtwork; sourceTree = "<group>"; };
		182E7B0D16731F1400BCFF0C /* DarwinismLite-Info.plist */ = {isa = PBXFileReference; lastKnownFileType = text.plist.xml; path = "DarwinismLite-Info.plist"; sourceTree = "<group>"; };
		18466E0A161C25C600F3F20A /* Darwinism.app */ = {isa = PBXFileReference; explicitFileType = wrapper.application; includeInIndex = 0; path = Darwinism.app; sourceTree = BUILT_PRODUCTS_DIR; };
		18466E0E161C25C600F3F20A /* UIKit.framework */ = {isa = PBXFileReference; lastKnownFileType = wrapper.framework; name = UIKit.framework; path = System/Library/Frameworks/UIKit.framework; sourceTree = SDKROOT; };
		18466E10161C25C600F3F20A /* Foundation.framework */ = {isa = PBXFileReference; lastKnownFileType = wrapper.framework; name = Foundation.framework; path = System/Library/Frameworks/Foundation.framework; sourceTree = SDKROOT; };
		18466E12161C25C600F3F20A /* CoreGraphics.framework */ = {isa = PBXFileReference; lastKnownFileType = wrapper.framework; name = CoreGraphics.framework; path = System/Library/Frameworks/CoreGraphics.framework; sourceTree = SDKROOT; };
		18466E16161C25C600F3F20A /* Darwinism-Info.plist */ = {isa = PBXFileReference; lastKnownFileType = text.plist.xml; path = "Darwinism-Info.plist"; sourceTree = "<group>"; };
		18466E18161C25C600F3F20A /* en */ = {isa = PBXFileReference; lastKnownFileType = text.plist.strings; name = en; path = en.lproj/InfoPlist.strings; sourceTree = "<group>"; };
		18466E1A161C25C600F3F20A /* main.m */ = {isa = PBXFileReference; lastKnownFileType = sourcecode.c.objc; path = main.m; sourceTree = "<group>"; };
		18466E1C161C25C600F3F20A /* Darwinism-Prefix.pch */ = {isa = PBXFileReference; lastKnownFileType = sourcecode.c.h; path = "Darwinism-Prefix.pch"; sourceTree = "<group>"; };
		187E66E3167328AA0094C411 /* Icon-72.png */ = {isa = PBXFileReference; lastKnownFileType = image.png; path = "Icon-72.png"; sourceTree = "<group>"; };
		187E66E4167328AA0094C411 /* Icon-Small-50.png */ = {isa = PBXFileReference; lastKnownFileType = image.png; path = "Icon-Small-50.png"; sourceTree = "<group>"; };
		187E66E5167328AA0094C411 /* Icon-Small.png */ = {isa = PBXFileReference; lastKnownFileType = image.png; path = "Icon-Small.png"; sourceTree = "<group>"; };
		187E66E6167328AA0094C411 /* Icon-Small@2x.png */ = {isa = PBXFileReference; lastKnownFileType = image.png; path = "Icon-Small@2x.png"; sourceTree = "<group>"; };
		187E66E7167328AA0094C411 /* Icon.png */ = {isa = PBXFileReference; lastKnownFileType = image.png; path = Icon.png; sourceTree = "<group>"; };
		187E66E8167328AA0094C411 /* Icon@2x.png */ = {isa = PBXFileReference; lastKnownFileType = image.png; path = "Icon@2x.png"; sourceTree = "<group>"; };
		187E66E9167328AA0094C411 /* iTunesArtwork */ = {isa = PBXFileReference; lastKnownFileType = file; path = iTunesArtwork; sourceTree = "<group>"; };
		1880CD8716538B320024CDB1 /* Default-568h@2x.png */ = {isa = PBXFileReference; lastKnownFileType = image.png; path = "Default-568h@2x.png"; sourceTree = "<group>"; };
		1883C6D0167300D6001BAAF3 /* Darwinism Lite.app */ = {isa = PBXFileReference; explicitFileType = wrapper.application; includeInIndex = 0; path = "Darwinism Lite.app"; sourceTree = BUILT_PRODUCTS_DIR; };
		1883C6D416731185001BAAF3 /* DarwinismLite */ = {isa = PBXFileReference; lastKnownFileType = folder; name = DarwinismLite; path = ../../../../../Volumes/Site/DarwinismLite; sourceTree = "<group>"; };
		18C190AF1648DF0E00EF4025 /* Default.png */ = {isa = PBXFileReference; lastKnownFileType = image.png; path = Default.png; sourceTree = "<group>"; };
		18EC9ADC1648DA720084542F /* Icon-72.png */ = {isa = PBXFileReference; lastKnownFileType = image.png; path = "Icon-72.png"; sourceTree = "<group>"; };
		18EC9ADD1648DA720084542F /* Icon-Small-50.png */ = {isa = PBXFileReference; lastKnownFileType = image.png; path = "Icon-Small-50.png"; sourceTree = "<group>"; };
		18EC9ADE1648DA720084542F /* Icon-Small.png */ = {isa = PBXFileReference; lastKnownFileType = image.png; path = "Icon-Small.png"; sourceTree = "<group>"; };
		18EC9ADF1648DA720084542F /* Icon-Small@2x.png */ = {isa = PBXFileReference; lastKnownFileType = image.png; path = "Icon-Small@2x.png"; sourceTree = "<group>"; };
		18EC9AE01648DA720084542F /* Icon.png */ = {isa = PBXFileReference; lastKnownFileType = image.png; path = Icon.png; sourceTree = "<group>"; };
		18EC9AE11648DA720084542F /* Icon@2x.png */ = {isa = PBXFileReference; lastKnownFileType = image.png; path = "Icon@2x.png"; sourceTree = "<group>"; };
		279C04D216393291007298E5 /* DarwinismFull */ = {isa = PBXFileReference; lastKnownFileType = folder; name = DarwinismFull; path = ../../../../../Volumes/Site/DarwinismFull; sourceTree = "<group>"; };
		279C04E116393343007298E5 /* AppDelegate.h */ = {isa = PBXFileReference; fileEncoding = 4; lastKnownFileType = sourcecode.c.h; path = AppDelegate.h; sourceTree = "<group>"; };
		279C04E216393343007298E5 /* AppDelegate.m */ = {isa = PBXFileReference; fileEncoding = 4; lastKnownFileType = sourcecode.c.objc; path = AppDelegate.m; sourceTree = "<group>"; };
		279C04E316393343007298E5 /* ViewController.h */ = {isa = PBXFileReference; fileEncoding = 4; lastKnownFileType = sourcecode.c.h; path = ViewController.h; sourceTree = "<group>"; };
		279C04E416393343007298E5 /* ViewController.m */ = {isa = PBXFileReference; fileEncoding = 4; lastKnownFileType = sourcecode.c.objc; path = ViewController.m; sourceTree = "<group>"; };
		279C04E516393343007298E5 /* ViewController_iPhone.xib */ = {isa = PBXFileReference; fileEncoding = 4; lastKnownFileType = file.xib; path = ViewController_iPhone.xib; sourceTree = "<group>"; };
		279C04E616393343007298E5 /* ViewController_iPad.xib */ = {isa = PBXFileReference; fileEncoding = 4; lastKnownFileType = file.xib; path = ViewController_iPad.xib; sourceTree = "<group>"; };
		27D022BA1654EE0F00C1CF92 /* GADAdMobExtras.h */ = {isa = PBXFileReference; fileEncoding = 4; lastKnownFileType = sourcecode.c.h; path = GADAdMobExtras.h; sourceTree = "<group>"; };
		27D022BB1654EE0F00C1CF92 /* GADAdNetworkExtras.h */ = {isa = PBXFileReference; fileEncoding = 4; lastKnownFileType = sourcecode.c.h; path = GADAdNetworkExtras.h; sourceTree = "<group>"; };
		27D022BC1654EE0F00C1CF92 /* GADAdSize.h */ = {isa = PBXFileReference; fileEncoding = 4; lastKnownFileType = sourcecode.c.h; path = GADAdSize.h; sourceTree = "<group>"; };
		27D022BD1654EE0F00C1CF92 /* GADBannerView.h */ = {isa = PBXFileReference; fileEncoding = 4; lastKnownFileType = sourcecode.c.h; path = GADBannerView.h; sourceTree = "<group>"; };
		27D022BE1654EE0F00C1CF92 /* GADBannerViewDelegate.h */ = {isa = PBXFileReference; fileEncoding = 4; lastKnownFileType = sourcecode.c.h; path = GADBannerViewDelegate.h; sourceTree = "<group>"; };
		27D022BF1654EE0F00C1CF92 /* GADInterstitial.h */ = {isa = PBXFileReference; fileEncoding = 4; lastKnownFileType = sourcecode.c.h; path = GADInterstitial.h; sourceTree = "<group>"; };
		27D022C01654EE0F00C1CF92 /* GADInterstitialDelegate.h */ = {isa = PBXFileReference; fileEncoding = 4; lastKnownFileType = sourcecode.c.h; path = GADInterstitialDelegate.h; sourceTree = "<group>"; };
		27D022C11654EE0F00C1CF92 /* GADRequest.h */ = {isa = PBXFileReference; fileEncoding = 4; lastKnownFileType = sourcecode.c.h; path = GADRequest.h; sourceTree = "<group>"; };
		27D022C21654EE0F00C1CF92 /* GADRequestError.h */ = {isa = PBXFileReference; fileEncoding = 4; lastKnownFileType = sourcecode.c.h; path = GADRequestError.h; sourceTree = "<group>"; };
		27D022C31654EE0F00C1CF92 /* libGoogleAdMobAds.a */ = {isa = PBXFileReference; lastKnownFileType = archive.ar; path = libGoogleAdMobAds.a; sourceTree = "<group>"; };
		27D022C61654EE6E00C1CF92 /* AdSupport.framework */ = {isa = PBXFileReference; lastKnownFileType = wrapper.framework; name = AdSupport.framework; path = System/Library/Frameworks/AdSupport.framework; sourceTree = SDKROOT; };
		27D022C81654EE9200C1CF92 /* AudioToolbox.framework */ = {isa = PBXFileReference; lastKnownFileType = wrapper.framework; name = AudioToolbox.framework; path = System/Library/Frameworks/AudioToolbox.framework; sourceTree = SDKROOT; };
		27D022CA1654EE9E00C1CF92 /* MessageUI.framework */ = {isa = PBXFileReference; lastKnownFileType = wrapper.framework; name = MessageUI.framework; path = System/Library/Frameworks/MessageUI.framework; sourceTree = SDKROOT; };
		27D022CC1654EEA400C1CF92 /* SystemConfiguration.framework */ = {isa = PBXFileReference; lastKnownFileType = wrapper.framework; name = SystemConfiguration.framework; path = System/Library/Frameworks/SystemConfiguration.framework; sourceTree = SDKROOT; };
		27D022CE1654EEBB00C1CF92 /* StoreKit.framework */ = {isa = PBXFileReference; lastKnownFileType = wrapper.framework; name = StoreKit.framework; path = System/Library/Frameworks/StoreKit.framework; sourceTree = SDKROOT; };
/* End PBXFileReference section */

/* Begin PBXFrameworksBuildPhase section */
		18466E07161C25C600F3F20A /* Frameworks */ = {
			isa = PBXFrameworksBuildPhase;
			buildActionMask = 2147483647;
			files = (
				27D022CF1654EEBB00C1CF92 /* StoreKit.framework in Frameworks */,
				27D022CD1654EEA400C1CF92 /* SystemConfiguration.framework in Frameworks */,
				27D022CB1654EE9E00C1CF92 /* MessageUI.framework in Frameworks */,
				27D022C91654EE9200C1CF92 /* AudioToolbox.framework in Frameworks */,
				27D022C71654EE6E00C1CF92 /* AdSupport.framework in Frameworks */,
				18466E0F161C25C600F3F20A /* UIKit.framework in Frameworks */,
				18466E11161C25C600F3F20A /* Foundation.framework in Frameworks */,
				18466E13161C25C600F3F20A /* CoreGraphics.framework in Frameworks */,
				27D022C41654EE0F00C1CF92 /* libGoogleAdMobAds.a in Frameworks */,
			);
			runOnlyForDeploymentPostprocessing = 0;
		};
		1883C6B4167300D6001BAAF3 /* Frameworks */ = {
			isa = PBXFrameworksBuildPhase;
			buildActionMask = 2147483647;
			files = (
				1883C6B5167300D6001BAAF3 /* StoreKit.framework in Frameworks */,
				1883C6B6167300D6001BAAF3 /* SystemConfiguration.framework in Frameworks */,
				1883C6B7167300D6001BAAF3 /* MessageUI.framework in Frameworks */,
				1883C6B8167300D6001BAAF3 /* AudioToolbox.framework in Frameworks */,
				1883C6B9167300D6001BAAF3 /* AdSupport.framework in Frameworks */,
				1883C6BA167300D6001BAAF3 /* UIKit.framework in Frameworks */,
				1883C6BB167300D6001BAAF3 /* Foundation.framework in Frameworks */,
				1883C6BC167300D6001BAAF3 /* CoreGraphics.framework in Frameworks */,
				1883C6BD167300D6001BAAF3 /* libGoogleAdMobAds.a in Frameworks */,
			);
			runOnlyForDeploymentPostprocessing = 0;
		};
/* End PBXFrameworksBuildPhase section */

/* Begin PBXGroup section */
		18466DFF161C25C600F3F20A = {
			isa = PBXGroup;
			children = (
				18466E14161C25C600F3F20A /* Darwinism */,
				18466E0D161C25C600F3F20A /* Frameworks */,
				18466E0B161C25C600F3F20A /* Products */,
			);
			sourceTree = "<group>";
		};
		18466E0B161C25C600F3F20A /* Products */ = {
			isa = PBXGroup;
			children = (
				18466E0A161C25C600F3F20A /* Darwinism.app */,
				1883C6D0167300D6001BAAF3 /* Darwinism Lite.app */,
			);
			name = Products;
			sourceTree = "<group>";
		};
		18466E0D161C25C600F3F20A /* Frameworks */ = {
			isa = PBXGroup;
			children = (
				27D022CE1654EEBB00C1CF92 /* StoreKit.framework */,
				27D022CC1654EEA400C1CF92 /* SystemConfiguration.framework */,
				27D022CA1654EE9E00C1CF92 /* MessageUI.framework */,
				27D022C81654EE9200C1CF92 /* AudioToolbox.framework */,
				27D022C61654EE6E00C1CF92 /* AdSupport.framework */,
				18466E0E161C25C600F3F20A /* UIKit.framework */,
				18466E10161C25C600F3F20A /* Foundation.framework */,
				18466E12161C25C600F3F20A /* CoreGraphics.framework */,
			);
			name = Frameworks;
			sourceTree = "<group>";
		};
		18466E14161C25C600F3F20A /* Darwinism */ = {
			isa = PBXGroup;
			children = (
				18466E15161C25C600F3F20A /* Supporting Files */,
			);
			path = Darwinism;
			sourceTree = "<group>";
		};
		18466E15161C25C600F3F20A /* Supporting Files */ = {
			isa = PBXGroup;
			children = (
				27D022B91654EE0F00C1CF92 /* GoogleAdMobAdsSDK */,
				279C04E116393343007298E5 /* AppDelegate.h */,
				279C04E216393343007298E5 /* AppDelegate.m */,
				279C04E316393343007298E5 /* ViewController.h */,
				279C04E416393343007298E5 /* ViewController.m */,
				279C04E516393343007298E5 /* ViewController_iPhone.xib */,
				279C04E616393343007298E5 /* ViewController_iPad.xib */,
				279C04D216393291007298E5 /* DarwinismFull */,
				1883C6D416731185001BAAF3 /* DarwinismLite */,
				272B98FD162E5BD6001A5875 /* DarwinismFullIcons */,
				187E66E2167328AA0094C411 /* LiteIcons */,
				18466E16161C25C600F3F20A /* Darwinism-Info.plist */,
				182E7B0D16731F1400BCFF0C /* DarwinismLite-Info.plist */,
				1880CD8716538B320024CDB1 /* Default-568h@2x.png */,
				18C190AF1648DF0E00EF4025 /* Default.png */,
				18466E17161C25C600F3F20A /* InfoPlist.strings */,
				18466E1A161C25C600F3F20A /* main.m */,
				18466E1C161C25C600F3F20A /* Darwinism-Prefix.pch */,
			);
			name = "Supporting Files";
			sourceTree = "<group>";
		};
		187E66E2167328AA0094C411 /* LiteIcons */ = {
			isa = PBXGroup;
			children = (
				187E66E3167328AA0094C411 /* Icon-72.png */,
				187E66E4167328AA0094C411 /* Icon-Small-50.png */,
				187E66E5167328AA0094C411 /* Icon-Small.png */,
				187E66E6167328AA0094C411 /* Icon-Small@2x.png */,
				187E66E7167328AA0094C411 /* Icon.png */,
				187E66E8167328AA0094C411 /* Icon@2x.png */,
				187E66E9167328AA0094C411 /* iTunesArtwork */,
			);
			path = LiteIcons;
			sourceTree = "<group>";
		};
		272B98FD162E5BD6001A5875 /* DarwinismFullIcons */ = {
			isa = PBXGroup;
			children = (
				18EC9ADC1648DA720084542F /* Icon-72.png */,
				18EC9ADD1648DA720084542F /* Icon-Small-50.png */,
				18EC9ADE1648DA720084542F /* Icon-Small.png */,
				18EC9ADF1648DA720084542F /* Icon-Small@2x.png */,
				18EC9AE01648DA720084542F /* Icon.png */,
				18EC9AE11648DA720084542F /* Icon@2x.png */,
				1807D3A71654E5EB00A44AF1 /* iTunesArtwork */,
			);
			name = DarwinismFullIcons;
			sourceTree = "<group>";
		};
		27D022B91654EE0F00C1CF92 /* GoogleAdMobAdsSDK */ = {
			isa = PBXGroup;
			children = (
				27D022BA1654EE0F00C1CF92 /* GADAdMobExtras.h */,
				27D022BB1654EE0F00C1CF92 /* GADAdNetworkExtras.h */,
				27D022BC1654EE0F00C1CF92 /* GADAdSize.h */,
				27D022BD1654EE0F00C1CF92 /* GADBannerView.h */,
				27D022BE1654EE0F00C1CF92 /* GADBannerViewDelegate.h */,
				27D022BF1654EE0F00C1CF92 /* GADInterstitial.h */,
				27D022C01654EE0F00C1CF92 /* GADInterstitialDelegate.h */,
				27D022C11654EE0F00C1CF92 /* GADRequest.h */,
				27D022C21654EE0F00C1CF92 /* GADRequestError.h */,
				27D022C31654EE0F00C1CF92 /* libGoogleAdMobAds.a */,
			);
			path = GoogleAdMobAdsSDK;
			sourceTree = "<group>";
		};
/* End PBXGroup section */

/* Begin PBXNativeTarget section */
		18466E09161C25C600F3F20A /* Darwinism */ = {
			isa = PBXNativeTarget;
			buildConfigurationList = 18466E2E161C25C600F3F20A /* Build configuration list for PBXNativeTarget "Darwinism" */;
			buildPhases = (
				18466E06161C25C600F3F20A /* Sources */,
				18466E07161C25C600F3F20A /* Frameworks */,
				18466E08161C25C600F3F20A /* Resources */,
			);
			buildRules = (
			);
			dependencies = (
			);
			name = Darwinism;
			productName = "Kof Video";
			productReference = 18466E0A161C25C600F3F20A /* Darwinism.app */;
			productType = "com.apple.product-type.application";
		};
		1883C6AF167300D6001BAAF3 /* DarwinismLite */ = {
			isa = PBXNativeTarget;
			buildConfigurationList = 1883C6CC167300D6001BAAF3 /* Build configuration list for PBXNativeTarget "DarwinismLite" */;
			buildPhases = (
				1883C6B0167300D6001BAAF3 /* Sources */,
				1883C6B4167300D6001BAAF3 /* Frameworks */,
				1883C6BE167300D6001BAAF3 /* Resources */,
			);
			buildRules = (
			);
			dependencies = (
			);
			name = DarwinismLite;
			productName = "Kof Video";
			productReference = 1883C6D0167300D6001BAAF3 /* Darwinism Lite.app */;
			productType = "com.apple.product-type.application";
		};
/* End PBXNativeTarget section */

/* Begin PBXProject section */
		18466E01161C25C600F3F20A /* Project object */ = {
			isa = PBXProject;
			attributes = {
				LastUpgradeCheck = 0450;
			};
			buildConfigurationList = 18466E04161C25C600F3F20A /* Build configuration list for PBXProject "Darwinism" */;
			compatibilityVersion = "Xcode 3.2";
			developmentRegion = English;
			hasScannedForEncodings = 0;
			knownRegions = (
				en,
			);
			mainGroup = 18466DFF161C25C600F3F20A;
			productRefGroup = 18466E0B161C25C600F3F20A /* Products */;
			projectDirPath = "";
			projectRoot = "";
			targets = (
				18466E09161C25C600F3F20A /* Darwinism */,
				1883C6AF167300D6001BAAF3 /* DarwinismLite */,
			);
		};
/* End PBXProject section */

/* Begin PBXResourcesBuildPhase section */
		18466E08161C25C600F3F20A /* Resources */ = {
			isa = PBXResourcesBuildPhase;
			buildActionMask = 2147483647;
			files = (
				18466E19161C25C600F3F20A /* InfoPlist.strings in Resources */,
				279C04D316393291007298E5 /* DarwinismFull in Resources */,
				279C04E916393343007298E5 /* ViewController_iPhone.xib in Resources */,
				279C04EA16393343007298E5 /* ViewController_iPad.xib in Resources */,
				18EC9AE31648DA720084542F /* Icon-72.png in Resources */,
				18EC9AE41648DA720084542F /* Icon-Small-50.png in Resources */,
				18EC9AE51648DA720084542F /* Icon-Small.png in Resources */,
				18EC9AE61648DA720084542F /* Icon-Small@2x.png in Resources */,
				18EC9AE71648DA720084542F /* Icon.png in Resources */,
				18EC9AE81648DA720084542F /* Icon@2x.png in Resources */,
				18C190B01648DF0E00EF4025 /* Default.png in Resources */,
				1880CD8816538B320024CDB1 /* Default-568h@2x.png in Resources */,
				1807D3A81654E5EB00A44AF1 /* iTunesArtwork in Resources */,
			);
			runOnlyForDeploymentPostprocessing = 0;
		};
		1883C6BE167300D6001BAAF3 /* Resources */ = {
			isa = PBXResourcesBuildPhase;
			buildActionMask = 2147483647;
			files = (
				1883C6BF167300D6001BAAF3 /* InfoPlist.strings in Resources */,
				1883C6C1167300D6001BAAF3 /* ViewController_iPhone.xib in Resources */,
				1883C6C2167300D6001BAAF3 /* ViewController_iPad.xib in Resources */,
				1883C6C9167300D6001BAAF3 /* Default.png in Resources */,
				1883C6CA167300D6001BAAF3 /* Default-568h@2x.png in Resources */,
				1883C6D516731185001BAAF3 /* DarwinismLite in Resources */,
				187E66EA167328AA0094C411 /* Icon-72.png in Resources */,
				187E66EB167328AA0094C411 /* Icon-Small-50.png in Resources */,
				187E66EC167328AA0094C411 /* Icon-Small.png in Resources */,
				187E66ED167328AA0094C411 /* Icon-Small@2x.png in Resources */,
				187E66EE167328AA0094C411 /* Icon.png in Resources */,
				187E66EF167328AA0094C411 /* Icon@2x.png in Resources */,
				187E66F0167328AA0094C411 /* iTunesArtwork in Resources */,
			);
			runOnlyForDeploymentPostprocessing = 0;
		};
/* End PBXResourcesBuildPhase section */

/* Begin PBXSourcesBuildPhase section */
		18466E06161C25C600F3F20A /* Sources */ = {
			isa = PBXSourcesBuildPhase;
			buildActionMask = 2147483647;
			files = (
				18466E1B161C25C600F3F20A /* main.m in Sources */,
				279C04E716393343007298E5 /* AppDelegate.m in Sources */,
				279C04E816393343007298E5 /* ViewController.m in Sources */,
			);
			runOnlyForDeploymentPostprocessing = 0;
		};
		1883C6B0167300D6001BAAF3 /* Sources */ = {
			isa = PBXSourcesBuildPhase;
			buildActionMask = 2147483647;
			files = (
				1883C6B1167300D6001BAAF3 /* main.m in Sources */,
				1883C6B2167300D6001BAAF3 /* AppDelegate.m in Sources */,
				1883C6B3167300D6001BAAF3 /* ViewController.m in Sources */,
			);
			runOnlyForDeploymentPostprocessing = 0;
		};
/* End PBXSourcesBuildPhase section */

/* Begin PBXVariantGroup section */
		18466E17161C25C600F3F20A /* InfoPlist.strings */ = {
			isa = PBXVariantGroup;
			children = (
				18466E18161C25C600F3F20A /* en */,
			);
			name = InfoPlist.strings;
			sourceTree = "<group>";
		};
/* End PBXVariantGroup section */

/* Begin XCBuildConfiguration section */
		18466E2C161C25C600F3F20A /* Debug */ = {
			isa = XCBuildConfiguration;
			buildSettings = {
				ALWAYS_SEARCH_USER_PATHS = NO;
				ARCHS = "$(ARCHS_STANDARD_32_BIT)";
				CODE_SIGN_IDENTITY = "iPhone Developer";
				"CODE_SIGN_IDENTITY[sdk=iphoneos*]" = "iPhone Developer";
				COPY_PHASE_STRIP = NO;
				GCC_C_LANGUAGE_STANDARD = gnu99;
				GCC_DYNAMIC_NO_PIC = NO;
				GCC_OPTIMIZATION_LEVEL = 0;
				GCC_PREPROCESSOR_DEFINITIONS = (
					"DEBUG=1",
					"$(inherited)",
				);
				GCC_SYMBOLS_PRIVATE_EXTERN = NO;
				GCC_VERSION = com.apple.compilers.llvm.clang.1_0;
				GCC_WARN_ABOUT_MISSING_PROTOTYPES = YES;
				GCC_WARN_ABOUT_RETURN_TYPE = YES;
				GCC_WARN_UNUSED_VARIABLE = YES;
				IPHONEOS_DEPLOYMENT_TARGET = 4.3;
				PROVISIONING_PROFILE = "";
				SDKROOT = iphoneos;
			};
			name = Debug;
		};
		18466E2D161C25C600F3F20A /* Release */ = {
			isa = XCBuildConfiguration;
			buildSettings = {
				ALWAYS_SEARCH_USER_PATHS = NO;
				ARCHS = "$(ARCHS_STANDARD_32_BIT)";
				CODE_SIGN_IDENTITY = "iPhone Developer";
				"CODE_SIGN_IDENTITY[sdk=iphoneos*]" = "iPhone Developer";
				COPY_PHASE_STRIP = YES;
				GCC_C_LANGUAGE_STANDARD = gnu99;
				GCC_VERSION = com.apple.compilers.llvm.clang.1_0;
				GCC_WARN_ABOUT_MISSING_PROTOTYPES = YES;
				GCC_WARN_ABOUT_RETURN_TYPE = YES;
				GCC_WARN_UNUSED_VARIABLE = YES;
				IPHONEOS_DEPLOYMENT_TARGET = 4.3;
				OTHER_CFLAGS = "-DNS_BLOCK_ASSERTIONS=1";
				PROVISIONING_PROFILE = "";
				SDKROOT = iphoneos;
				VALIDATE_PRODUCT = YES;
			};
			name = Release;
		};
		18466E2F161C25C600F3F20A /* Debug */ = {
			isa = XCBuildConfiguration;
			buildSettings = {
				GCC_PRECOMPILE_PREFIX_HEADER = YES;
				GCC_PREFIX_HEADER = "Darwinism/Darwinism-Prefix.pch";
				INFOPLIST_FILE = "Darwinism/Darwinism-Info.plist";
				IPHONEOS_DEPLOYMENT_TARGET = 4.3;
				LIBRARY_SEARCH_PATHS = (
					"$(inherited)",
					"\"$(SRCROOT)/Darwinism/GoogleAdMobAdsSDK\"",
				);
				OTHER_LDFLAGS = "-ObjC";
				PRODUCT_NAME = Darwinism;
				TARGETED_DEVICE_FAMILY = 1;
				WRAPPER_EXTENSION = app;
			};
			name = Debug;
		};
		18466E30161C25C600F3F20A /* Release */ = {
			isa = XCBuildConfiguration;
			buildSettings = {
				GCC_PRECOMPILE_PREFIX_HEADER = YES;
				GCC_PREFIX_HEADER = "Darwinism/Darwinism-Prefix.pch";
				INFOPLIST_FILE = "Darwinism/Darwinism-Info.plist";
				IPHONEOS_DEPLOYMENT_TARGET = 4.3;
				LIBRARY_SEARCH_PATHS = (
					"$(inherited)",
					"\"$(SRCROOT)/Darwinism/GoogleAdMobAdsSDK\"",
				);
				OTHER_LDFLAGS = "-ObjC";
				PRODUCT_NAME = Darwinism;
				TARGETED_DEVICE_FAMILY = 1;
				WRAPPER_EXTENSION = app;
			};
			name = Release;
		};
		1883C6CD167300D6001BAAF3 /* Debug */ = {
			isa = XCBuildConfiguration;
			buildSettings = {
				GCC_PRECOMPILE_PREFIX_HEADER = YES;
				GCC_PREFIX_HEADER = "Darwinism/Darwinism-Prefix.pch";
				INFOPLIST_FILE = "Darwinism/DarwinismLite-Info.plist";
				IPHONEOS_DEPLOYMENT_TARGET = 4.3;
				LIBRARY_SEARCH_PATHS = (
					"$(inherited)",
					"\"$(SRCROOT)/Darwinism/GoogleAdMobAdsSDK\"",
				);
				OTHER_LDFLAGS = "-ObjC";
				PRODUCT_NAME = "Darwinism Lite";
				TARGETED_DEVICE_FAMILY = 1;
				WRAPPER_EXTENSION = app;
			};
			name = Debug;
		};
		1883C6CE167300D6001BAAF3 /* Release */ = {
			isa = XCBuildConfiguration;
			buildSettings = {
				GCC_PRECOMPILE_PREFIX_HEADER = YES;
				GCC_PREFIX_HEADER = "Darwinism/Darwinism-Prefix.pch";
				INFOPLIST_FILE = "Darwinism/DarwinismLite-Info.plist";
				IPHONEOS_DEPLOYMENT_TARGET = 4.3;
				LIBRARY_SEARCH_PATHS = (
					"$(inherited)",
					"\"$(SRCROOT)/Darwinism/GoogleAdMobAdsSDK\"",
				);
				OTHER_LDFLAGS = "-ObjC";
				PRODUCT_NAME = "Darwinism Lite";
				TARGETED_DEVICE_FAMILY = 1;
				WRAPPER_EXTENSION = app;
			};
			name = Release;
		};
		1883C6CF167300D6001BAAF3 /* Distribution */ = {
			isa = XCBuildConfiguration;
			buildSettings = {
				GCC_PRECOMPILE_PREFIX_HEADER = YES;
				GCC_PREFIX_HEADER = "Darwinism/Darwinism-Prefix.pch";
				INFOPLIST_FILE = "Darwinism/DarwinismLite-Info.plist";
				IPHONEOS_DEPLOYMENT_TARGET = 4.3;
				LIBRARY_SEARCH_PATHS = (
					"$(inherited)",
					"\"$(SRCROOT)/Darwinism/GoogleAdMobAdsSDK\"",
				);
				OTHER_LDFLAGS = "-ObjC";
				PRODUCT_NAME = "Darwinism Lite";
				TARGETED_DEVICE_FAMILY = 1;
				WRAPPER_EXTENSION = app;
			};
			name = Distribution;
		};
		272B98FA162E5736001A5875 /* Distribution */ = {
			isa = XCBuildConfiguration;
			buildSettings = {
				ALWAYS_SEARCH_USER_PATHS = NO;
				ARCHS = "$(ARCHS_STANDARD_32_BIT)";
				CODE_SIGN_IDENTITY = "iPhone Distribution";
				"CODE_SIGN_IDENTITY[sdk=iphoneos*]" = "iPhone Developer";
				COPY_PHASE_STRIP = YES;
				GCC_C_LANGUAGE_STANDARD = gnu99;
				GCC_VERSION = com.apple.compilers.llvm.clang.1_0;
				GCC_WARN_ABOUT_MISSING_PROTOTYPES = YES;
				GCC_WARN_ABOUT_RETURN_TYPE = YES;
				GCC_WARN_UNUSED_VARIABLE = YES;
				IPHONEOS_DEPLOYMENT_TARGET = 4.3;
				OTHER_CFLAGS = "-DNS_BLOCK_ASSERTIONS=1";
				PROVISIONING_PROFILE = "";
				SDKROOT = iphoneos;
				VALIDATE_PRODUCT = YES;
			};
			name = Distribution;
		};
		272B98FB162E5736001A5875 /* Distribution */ = {
			isa = XCBuildConfiguration;
			buildSettings = {
				GCC_PRECOMPILE_PREFIX_HEADER = YES;
				GCC_PREFIX_HEADER = "Darwinism/Darwinism-Prefix.pch";
				INFOPLIST_FILE = "Darwinism/Darwinism-Info.plist";
				IPHONEOS_DEPLOYMENT_TARGET = 4.3;
				LIBRARY_SEARCH_PATHS = (
					"$(inherited)",
					"\"$(SRCROOT)/Darwinism/GoogleAdMobAdsSDK\"",
				);
				OTHER_LDFLAGS = "-ObjC";
				PRODUCT_NAME = Darwinism;
				TARGETED_DEVICE_FAMILY = 1;
				WRAPPER_EXTENSION = app;
			};
			name = Distribution;
		};
/* End XCBuildConfiguration section */

/* Begin XCConfigurationList section */
		18466E04161C25C600F3F20A /* Build configuration list for PBXProject "Darwinism" */ = {
			isa = XCConfigurationList;
			buildConfigurations = (
				18466E2C161C25C600F3F20A /* Debug */,
				18466E2D161C25C600F3F20A /* Release */,
				272B98FA162E5736001A5875 /* Distribution */,
			);
			defaultConfigurationIsVisible = 0;
			defaultConfigurationName = Release;
		};
		18466E2E161C25C600F3F20A /* Build configuration list for PBXNativeTarget "Darwinism" */ = {
			isa = XCConfigurationList;
			buildConfigurations = (
				18466E2F161C25C600F3F20A /* Debug */,
				18466E30161C25C600F3F20A /* Release */,
				272B98FB162E5736001A5875 /* Distribution */,
			);
			defaultConfigurationIsVisible = 0;
			defaultConfigurationName = Release;
		};
		1883C6CC167300D6001BAAF3 /* Build configuration list for PBXNativeTarget "DarwinismLite" */ = {
			isa = XCConfigurationList;
			buildConfigurations = (
				1883C6CD167300D6001BAAF3 /* Debug */,
				1883C6CE167300D6001BAAF3 /* Release */,
				1883C6CF167300D6001BAAF3 /* Distribution */,
			);
			defaultConfigurationIsVisible = 0;
			defaultConfigurationName = Release;
		};
/* End XCConfigurationList section */
	};
	rootObject = 18466E01161C25C600F3F20A /* Project object */;
}
